
Microsoft Visual Studio Solution File, Format Version 12.00
# Visual Studio Version 17
VisualStudioVersion = 17.4.33213.308
MinimumVisualStudioVersion = 10.0.40219.1
Project("{8BC9CEB8-8B4A-11D0-8D11-00A0C91BC942}") = "Encapsulamento", "Encapsulamento\Encapsulamento.vcxproj", "{1721A23F-D819-4867-905B-7703DD4B38E9}"
EndProject
Global
	GlobalSection(SolutionConfigurationPlatforms) = preSolution
		Debug|x64 = Debug|x64
		Debug|x86 = Debug|x86
		Release|x64 = Release|x64
		Release|x86 = Release|x86
	EndGlobalSection
	GlobalSection(ProjectConfigurationPlatforms) = postSolution
		{1721A23F-D819-4867-905B-7703DD4B38E9}.Debug|x64.ActiveCfg = Debug|x64
		{1721A23F-D819-4867-905B-7703DD4B38E9}.Debug|x64.Build.0 = Debug|x64
		{1721A23F-D819-4867-905B-7703DD4B38E9}.Debug|x86.ActiveCfg = Debug|Win32
		{1721A23F-D819-4867-905B-7703DD4B38E9}.Debug|x86.Build.0 = Debug|Win32
		{1721A23F-D819-4867-905B-7703DD4B38E9}.Release|x64.ActiveCfg = Release|x64
		{1721A23F-D819-4867-905B-7703DD4B38E9}.Release|x64.Build.0 = Release|x64
		{1721A23F-D819-4867-905B-7703DD4B38E9}.Release|x86.ActiveCfg = Release|Win32
		{1721A23F-D819-4867-905B-7703DD4B38E9}.Release|x86.Build.0 = Release|Win32
	EndGlobalSection
	GlobalSection(SolutionProperties) = preSolution
		HideSolutionNode = FALSE
	EndGlobalSection
	GlobalSection(ExtensibilityGlobals) = postSolution
		SolutionGuid = {66927DFB-522A-4272-91AC-68E1909D7CF6}
	EndGlobalSection
EndGlobal
